
Microsoft Visual Studio Solution File, Format Version 12.00
# Visual Studio Version 17
VisualStudioVersion = 17.3.32825.248
MinimumVisualStudioVersion = 10.0.40219.1
Project("{FAE04EC0-301F-11D3-BF4B-00C04F79EFBC}") = "S12DS_prjTriangulo", "S12DS_prjTriangulo.csproj", "{ABBBC18A-FEF8-419E-A5F6-44E4F8A55CAA}"
EndProject
Global
	GlobalSection(SolutionConfigurationPlatforms) = preSolution
		Debug|Any CPU = Debug|Any CPU
		Release|Any CPU = Release|Any CPU
	EndGlobalSection
	GlobalSection(ProjectConfigurationPlatforms) = postSolution
		{ABBBC18A-FEF8-419E-A5F6-44E4F8A55CAA}.Debug|Any CPU.ActiveCfg = Debug|Any CPU
		{ABBBC18A-FEF8-419E-A5F6-44E4F8A55CAA}.Debug|Any CPU.Build.0 = Debug|Any CPU
		{ABBBC18A-FEF8-419E-A5F6-44E4F8A55CAA}.Release|Any CPU.ActiveCfg = Release|Any CPU
		{ABBBC18A-FEF8-419E-A5F6-44E4F8A55CAA}.Release|Any CPU.Build.0 = Release|Any CPU
	EndGlobalSection
	GlobalSection(SolutionProperties) = preSolution
		HideSolutionNode = FALSE
	EndGlobalSection
	GlobalSection(ExtensibilityGlobals) = postSolution
		SolutionGuid = {2C623D53-A4DA-4AC1-AFEC-34584DF8D48E}
	EndGlobalSection
EndGlobal
